
Microsoft Visual Studio Solution File, Format Version 12.00
# Visual Studio Version 17
VisualStudioVersion = 17.3.32819.101
MinimumVisualStudioVersion = 10.0.40219.1
Project("{FAE04EC0-301F-11D3-BF4B-00C04F79EFBC}") = "Lab 1", "Lab 1\Lab 1.csproj", "{988396D5-CF31-4E66-90E3-42AF427B082F}"
EndProject
Global
	GlobalSection(SolutionConfigurationPlatforms) = preSolution
		Debug|Any CPU = Debug|Any CPU
		Release|Any CPU = Release|Any CPU
	EndGlobalSection
	GlobalSection(ProjectConfigurationPlatforms) = postSolution
		{988396D5-CF31-4E66-90E3-42AF427B082F}.Debug|Any CPU.ActiveCfg = Debug|Any CPU
		{988396D5-CF31-4E66-90E3-42AF427B082F}.Debug|Any CPU.Build.0 = Debug|Any CPU
		{988396D5-CF31-4E66-90E3-42AF427B082F}.Release|Any CPU.ActiveCfg = Release|Any CPU
		{988396D5-CF31-4E66-90E3-42AF427B082F}.Release|Any CPU.Build.0 = Release|Any CPU
	EndGlobalSection
	GlobalSection(SolutionProperties) = preSolution
		HideSolutionNode = FALSE
	EndGlobalSection
	GlobalSection(ExtensibilityGlobals) = postSolution
		SolutionGuid = {E2EF78B8-A7FF-4639-BCE9-784E7E6C7822}
	EndGlobalSection
EndGlobal
